
Microsoft Visual Studio Solution File, Format Version 12.00
# Visual Studio Version 16
VisualStudioVersion = 16.0.31829.152
MinimumVisualStudioVersion = 10.0.40219.1
Project("{9A19103F-16F7-4668-BE54-9A1E7A4F7556}") = "EcgMap", "EcgMap\EcgMap.csproj", "{2CCA3AB4-9F17-493B-940B-B37D3554D9F7}"
EndProject
Project("{9A19103F-16F7-4668-BE54-9A1E7A4F7556}") = "FisSst.BlazorMaps", "FisSst.BlazorMaps\FisSst.BlazorMaps.csproj", "{02A899A4-3767-42BD-B421-3503C1A97750}"
EndProject
Global
	GlobalSection(SolutionConfigurationPlatforms) = preSolution
		Debug|Any CPU = Debug|Any CPU
		Release|Any CPU = Release|Any CPU
	EndGlobalSection
	GlobalSection(ProjectConfigurationPlatforms) = postSolution
		{2CCA3AB4-9F17-493B-940B-B37D3554D9F7}.Debug|Any CPU.ActiveCfg = Debug|Any CPU
		{2CCA3AB4-9F17-493B-940B-B37D3554D9F7}.Debug|Any CPU.Build.0 = Debug|Any CPU
		{2CCA3AB4-9F17-493B-940B-B37D3554D9F7}.Release|Any CPU.ActiveCfg = Release|Any CPU
		{2CCA3AB4-9F17-493B-940B-B37D3554D9F7}.Release|Any CPU.Build.0 = Release|Any CPU
		{02A899A4-3767-42BD-B421-3503C1A97750}.Debug|Any CPU.ActiveCfg = Debug|Any CPU
		{02A899A4-3767-42BD-B421-3503C1A97750}.Debug|Any CPU.Build.0 = Debug|Any CPU
		{02A899A4-3767-42BD-B421-3503C1A97750}.Release|Any CPU.ActiveCfg = Release|Any CPU
		{02A899A4-3767-42BD-B421-3503C1A97750}.Release|Any CPU.Build.0 = Release|Any CPU
	EndGlobalSection
	GlobalSection(SolutionProperties) = preSolution
		HideSolutionNode = FALSE
	EndGlobalSection
	GlobalSection(ExtensibilityGlobals) = postSolution
		SolutionGuid = {8548D56D-61BD-46CB-A27F-4A10C7D0D231}
	EndGlobalSection
EndGlobal
